
Microsoft Visual Studio Solution File, Format Version 12.00
# Visual Studio Version 17
VisualStudioVersion = 17.10.35027.167
MinimumVisualStudioVersion = 10.0.40219.1
Project("{9A19103F-16F7-4668-BE54-9A1E7A4F7556}") = "Frontend", "Frontend\Frontend.csproj", "{52F943CA-B0FD-4C26-948F-0FFBBF35809C}"
EndProject
Project("{9A19103F-16F7-4668-BE54-9A1E7A4F7556}") = "Backend", "Backend\Backend.csproj", "{5C605553-BDD5-4A75-B02B-FDFFB8CE7698}"
EndProject
Project("{2150E333-8FDC-42A3-9474-1A3956D46DE8}") = "Solution Items", "Solution Items", "{C57ED168-6781-491D-B094-323A04FA558B}"
	ProjectSection(SolutionItems) = preProject
		.gitattributes = .gitattributes
		.gitignore = .gitignore
		LICENSE.txt = LICENSE.txt
		README.md = README.md
	EndProjectSection
EndProject
Project("{FAE04EC0-301F-11D3-BF4B-00C04F79EFBC}") = "Common", "Common\Common.csproj", "{9189F0AE-487A-43EB-A88B-C830746E4C18}"
EndProject
Global
	GlobalSection(SolutionConfigurationPlatforms) = preSolution
		Debug|Any CPU = Debug|Any CPU
		Release|Any CPU = Release|Any CPU
	EndGlobalSection
	GlobalSection(ProjectConfigurationPlatforms) = postSolution
		{52F943CA-B0FD-4C26-948F-0FFBBF35809C}.Debug|Any CPU.ActiveCfg = Debug|Any CPU
		{52F943CA-B0FD-4C26-948F-0FFBBF35809C}.Debug|Any CPU.Build.0 = Debug|Any CPU
		{52F943CA-B0FD-4C26-948F-0FFBBF35809C}.Release|Any CPU.ActiveCfg = Release|Any CPU
		{52F943CA-B0FD-4C26-948F-0FFBBF35809C}.Release|Any CPU.Build.0 = Release|Any CPU
		{5C605553-BDD5-4A75-B02B-FDFFB8CE7698}.Debug|Any CPU.ActiveCfg = Debug|Any CPU
		{5C605553-BDD5-4A75-B02B-FDFFB8CE7698}.Debug|Any CPU.Build.0 = Debug|Any CPU
		{5C605553-BDD5-4A75-B02B-FDFFB8CE7698}.Release|Any CPU.ActiveCfg = Release|Any CPU
		{5C605553-BDD5-4A75-B02B-FDFFB8CE7698}.Release|Any CPU.Build.0 = Release|Any CPU
		{9189F0AE-487A-43EB-A88B-C830746E4C18}.Debug|Any CPU.ActiveCfg = Debug|Any CPU
		{9189F0AE-487A-43EB-A88B-C830746E4C18}.Debug|Any CPU.Build.0 = Debug|Any CPU
		{9189F0AE-487A-43EB-A88B-C830746E4C18}.Release|Any CPU.ActiveCfg = Release|Any CPU
		{9189F0AE-487A-43EB-A88B-C830746E4C18}.Release|Any CPU.Build.0 = Release|Any CPU
	EndGlobalSection
	GlobalSection(SolutionProperties) = preSolution
		HideSolutionNode = FALSE
	EndGlobalSection
	GlobalSection(ExtensibilityGlobals) = postSolution
		SolutionGuid = {C77E806C-3171-4DF5-94DF-2E11B0CEAF97}
	EndGlobalSection
EndGlobal
